// !$*UTF8*$!
{
	archiveVersion = 1;
	classes = {
	};
	objectVersion = 56;
	objects = {

/* Begin PBXBuildFile section */
		9089B7932B56FF620027EC82 /* BookWayApp.swift in Sources */ = {isa = PBXBuildFile; fileRef = 9089B7922B56FF620027EC82 /* BookWayApp.swift */; };
		9089B7972B56FF640027EC82 /* Assets.xcassets in Resources */ = {isa = PBXBuildFile; fileRef = 9089B7962B56FF640027EC82 /* Assets.xcassets */; };
		9089B79A2B56FF640027EC82 /* Preview Assets.xcassets in Resources */ = {isa = PBXBuildFile; fileRef = 9089B7992B56FF640027EC82 /* Preview Assets.xcassets */; };
		9089B7A42B56FF640027EC82 /* BookWayTests.swift in Sources */ = {isa = PBXBuildFile; fileRef = 9089B7A32B56FF640027EC82 /* BookWayTests.swift */; };
		9089B7AE2B56FF640027EC82 /* BookWayUITests.swift in Sources */ = {isa = PBXBuildFile; fileRef = 9089B7AD2B56FF640027EC82 /* BookWayUITests.swift */; };
		9089B7B02B56FF640027EC82 /* BookWayUITestsLaunchTests.swift in Sources */ = {isa = PBXBuildFile; fileRef = 9089B7AF2B56FF640027EC82 /* BookWayUITestsLaunchTests.swift */; };
		9089B7BE2B56FF8B0027EC82 /* PlayerFeature.swift in Sources */ = {isa = PBXBuildFile; fileRef = 9089B7BD2B56FF8B0027EC82 /* PlayerFeature.swift */; };
		9089B7C02B56FF990027EC82 /* PlayerView.swift in Sources */ = {isa = PBXBuildFile; fileRef = 9089B7BF2B56FF990027EC82 /* PlayerView.swift */; };
		9089B7C32B56FFFF0027EC82 /* PlayerControlsView.swift in Sources */ = {isa = PBXBuildFile; fileRef = 9089B7C22B56FFFF0027EC82 /* PlayerControlsView.swift */; };
		9089B7C62B5702DF0027EC82 /* ComposableArchitecture in Frameworks */ = {isa = PBXBuildFile; productRef = 9089B7C52B5702DF0027EC82 /* ComposableArchitecture */; };
		9089B7CD2B57A4950027EC82 /* BookModel.swift in Sources */ = {isa = PBXBuildFile; fileRef = 9089B7CC2B57A4950027EC82 /* BookModel.swift */; };
		9089B7D12B57A7110027EC82 /* PlaybackSpeed.swift in Sources */ = {isa = PBXBuildFile; fileRef = 9089B7D02B57A7110027EC82 /* PlaybackSpeed.swift */; };
		9089B7D52B57AEF40027EC82 /* ButtonStyle.swift in Sources */ = {isa = PBXBuildFile; fileRef = 9089B7D42B57AEF40027EC82 /* ButtonStyle.swift */; };
		9089B7DA2B581E0D0027EC82 /* PlayerService.swift in Sources */ = {isa = PBXBuildFile; fileRef = 9089B7D92B581E0D0027EC82 /* PlayerService.swift */; };
		9089B7DC2B5858F90027EC82 /* LinkedList.swift in Sources */ = {isa = PBXBuildFile; fileRef = 9089B7DB2B5858F90027EC82 /* LinkedList.swift */; };
		9089B7DE2B587D6A0027EC82 /* ModeSwitch.swift in Sources */ = {isa = PBXBuildFile; fileRef = 9089B7DD2B587D6A0027EC82 /* ModeSwitch.swift */; };
		90DBD21F2B59693700D5959D /* PlayerControlsFeature.swift in Sources */ = {isa = PBXBuildFile; fileRef = 90DBD21E2B59693700D5959D /* PlayerControlsFeature.swift */; };
		90DBD2212B596D0400D5959D /* PlayerEnvironment.swift in Sources */ = {isa = PBXBuildFile; fileRef = 90DBD2202B596D0400D5959D /* PlayerEnvironment.swift */; };
		90DBD2242B59752B00D5959D /* Double+Extensions.swift in Sources */ = {isa = PBXBuildFile; fileRef = 90DBD2232B59752B00D5959D /* Double+Extensions.swift */; };
		90DBD2262B59818200D5959D /* sample1.mp3 in Resources */ = {isa = PBXBuildFile; fileRef = 90DBD2252B59818200D5959D /* sample1.mp3 */; };
		90DBD22B2B5981A500D5959D /* sample2.mp3 in Resources */ = {isa = PBXBuildFile; fileRef = 90DBD2272B5981A400D5959D /* sample2.mp3 */; };
		90DBD22C2B5981A500D5959D /* sample4.mp3 in Resources */ = {isa = PBXBuildFile; fileRef = 90DBD2282B5981A400D5959D /* sample4.mp3 */; };
		90DBD22D2B5981A500D5959D /* sample5.mp3 in Resources */ = {isa = PBXBuildFile; fileRef = 90DBD2292B5981A500D5959D /* sample5.mp3 */; };
		90DBD22E2B5981A500D5959D /* sample3.mp3 in Resources */ = {isa = PBXBuildFile; fileRef = 90DBD22A2B5981A500D5959D /* sample3.mp3 */; };
/* End PBXBuildFile section */

/* Begin PBXContainerItemProxy section */
		9089B7A02B56FF640027EC82 /* PBXContainerItemProxy */ = {
			isa = PBXContainerItemProxy;
			containerPortal = 9089B7872B56FF620027EC82 /* Project object */;
			proxyType = 1;
			remoteGlobalIDString = 9089B78E2B56FF620027EC82;
			remoteInfo = BookWay;
		};
		9089B7AA2B56FF640027EC82 /* PBXContainerItemProxy */ = {
			isa = PBXContainerItemProxy;
			containerPortal = 9089B7872B56FF620027EC82 /* Project object */;
			proxyType = 1;
			remoteGlobalIDString = 9089B78E2B56FF620027EC82;
			remoteInfo = BookWay;
		};
/* End PBXContainerItemProxy section */

/* Begin PBXFileReference section */
		9089B78F2B56FF620027EC82 /* BookWay.app */ = {isa = PBXFileReference; explicitFileType = wrapper.application; includeInIndex = 0; path = BookWay.app; sourceTree = BUILT_PRODUCTS_DIR; };
		9089B7922B56FF620027EC82 /* BookWayApp.swift */ = {isa = PBXFileReference; lastKnownFileType = sourcecode.swift; path = BookWayApp.swift; sourceTree = "<group>"; };
		9089B7962B56FF640027EC82 /* Assets.xcassets */ = {isa = PBXFileReference; lastKnownFileType = folder.assetcatalog; path = Assets.xcassets; sourceTree = "<group>"; };
		9089B7992B56FF640027EC82 /* Preview Assets.xcassets */ = {isa = PBXFileReference; lastKnownFileType = folder.assetcatalog; path = "Preview Assets.xcassets"; sourceTree = "<group>"; };
		9089B79F2B56FF640027EC82 /* BookWayTests.xctest */ = {isa = PBXFileReference; explicitFileType = wrapper.cfbundle; includeInIndex = 0; path = BookWayTests.xctest; sourceTree = BUILT_PRODUCTS_DIR; };
		9089B7A32B56FF640027EC82 /* BookWayTests.swift */ = {isa = PBXFileReference; lastKnownFileType = sourcecode.swift; path = BookWayTests.swift; sourceTree = "<group>"; };
		9089B7A92B56FF640027EC82 /* BookWayUITests.xctest */ = {isa = PBXFileReference; explicitFileType = wrapper.cfbundle; includeInIndex = 0; path = BookWayUITests.xctest; sourceTree = BUILT_PRODUCTS_DIR; };
		9089B7AD2B56FF640027EC82 /* BookWayUITests.swift */ = {isa = PBXFileReference; lastKnownFileType = sourcecode.swift; path = BookWayUITests.swift; sourceTree = "<group>"; };
		9089B7AF2B56FF640027EC82 /* BookWayUITestsLaunchTests.swift */ = {isa = PBXFileReference; lastKnownFileType = sourcecode.swift; path = BookWayUITestsLaunchTests.swift; sourceTree = "<group>"; };
		9089B7BD2B56FF8B0027EC82 /* PlayerFeature.swift */ = {isa = PBXFileReference; lastKnownFileType = sourcecode.swift; path = PlayerFeature.swift; sourceTree = "<group>"; };
		9089B7BF2B56FF990027EC82 /* PlayerView.swift */ = {isa = PBXFileReference; lastKnownFileType = sourcecode.swift; path = PlayerView.swift; sourceTree = "<group>"; };
		9089B7C22B56FFFF0027EC82 /* PlayerControlsView.swift */ = {isa = PBXFileReference; lastKnownFileType = sourcecode.swift; path = PlayerControlsView.swift; sourceTree = "<group>"; };
		9089B7CC2B57A4950027EC82 /* BookModel.swift */ = {isa = PBXFileReference; lastKnownFileType = sourcecode.swift; path = BookModel.swift; sourceTree = "<group>"; };
		9089B7D02B57A7110027EC82 /* PlaybackSpeed.swift */ = {isa = PBXFileReference; lastKnownFileType = sourcecode.swift; path = PlaybackSpeed.swift; sourceTree = "<group>"; };
		9089B7D42B57AEF40027EC82 /* ButtonStyle.swift */ = {isa = PBXFileReference; lastKnownFileType = sourcecode.swift; path = ButtonStyle.swift; sourceTree = "<group>"; };
		9089B7D92B581E0D0027EC82 /* PlayerService.swift */ = {isa = PBXFileReference; lastKnownFileType = sourcecode.swift; path = PlayerService.swift; sourceTree = "<group>"; };
		9089B7DB2B5858F90027EC82 /* LinkedList.swift */ = {isa = PBXFileReference; lastKnownFileType = sourcecode.swift; path = LinkedList.swift; sourceTree = "<group>"; };
		9089B7DD2B587D6A0027EC82 /* ModeSwitch.swift */ = {isa = PBXFileReference; lastKnownFileType = sourcecode.swift; path = ModeSwitch.swift; sourceTree = "<group>"; };
		90DBD21E2B59693700D5959D /* PlayerControlsFeature.swift */ = {isa = PBXFileReference; lastKnownFileType = sourcecode.swift; path = PlayerControlsFeature.swift; sourceTree = "<group>"; };
		90DBD2202B596D0400D5959D /* PlayerEnvironment.swift */ = {isa = PBXFileReference; lastKnownFileType = sourcecode.swift; path = PlayerEnvironment.swift; sourceTree = "<group>"; };
		90DBD2232B59752B00D5959D /* Double+Extensions.swift */ = {isa = PBXFileReference; lastKnownFileType = sourcecode.swift; path = "Double+Extensions.swift"; sourceTree = "<group>"; };
		90DBD2252B59818200D5959D /* sample1.mp3 */ = {isa = PBXFileReference; lastKnownFileType = audio.mp3; path = sample1.mp3; sourceTree = "<group>"; };
		90DBD2272B5981A400D5959D /* sample2.mp3 */ = {isa = PBXFileReference; lastKnownFileType = audio.mp3; path = sample2.mp3; sourceTree = "<group>"; };
		90DBD2282B5981A400D5959D /* sample4.mp3 */ = {isa = PBXFileReference; lastKnownFileType = audio.mp3; path = sample4.mp3; sourceTree = "<group>"; };
		90DBD2292B5981A500D5959D /* sample5.mp3 */ = {isa = PBXFileReference; lastKnownFileType = audio.mp3; path = sample5.mp3; sourceTree = "<group>"; };
		90DBD22A2B5981A500D5959D /* sample3.mp3 */ = {isa = PBXFileReference; lastKnownFileType = audio.mp3; path = sample3.mp3; sourceTree = "<group>"; };
/* End PBXFileReference section */

/* Begin PBXFrameworksBuildPhase section */
		9089B78C2B56FF620027EC82 /* Frameworks */ = {
			isa = PBXFrameworksBuildPhase;
			buildActionMask = 2147483647;
			files = (
				9089B7C62B5702DF0027EC82 /* ComposableArchitecture in Frameworks */,
			);
			runOnlyForDeploymentPostprocessing = 0;
		};
		9089B79C2B56FF640027EC82 /* Frameworks */ = {
			isa = PBXFrameworksBuildPhase;
			buildActionMask = 2147483647;
			files = (
			);
			runOnlyForDeploymentPostprocessing = 0;
		};
		9089B7A62B56FF640027EC82 /* Frameworks */ = {
			isa = PBXFrameworksBuildPhase;
			buildActionMask = 2147483647;
			files = (
			);
			runOnlyForDeploymentPostprocessing = 0;
		};
/* End PBXFrameworksBuildPhase section */

/* Begin PBXGroup section */
		9089B7862B56FF620027EC82 = {
			isa = PBXGroup;
			children = (
				9089B7912B56FF620027EC82 /* BookWay */,
				9089B7A22B56FF640027EC82 /* BookWayTests */,
				9089B7AC2B56FF640027EC82 /* BookWayUITests */,
				9089B7902B56FF620027EC82 /* Products */,
			);
			sourceTree = "<group>";
		};
		9089B7902B56FF620027EC82 /* Products */ = {
			isa = PBXGroup;
			children = (
				9089B78F2B56FF620027EC82 /* BookWay.app */,
				9089B79F2B56FF640027EC82 /* BookWayTests.xctest */,
				9089B7A92B56FF640027EC82 /* BookWayUITests.xctest */,
			);
			name = Products;
			sourceTree = "<group>";
		};
		9089B7912B56FF620027EC82 /* BookWay */ = {
			isa = PBXGroup;
			children = (
				9089B7922B56FF620027EC82 /* BookWayApp.swift */,
				9089B7BC2B56FF7F0027EC82 /* PlayerFeature */,
				9089B7C12B56FFF20027EC82 /* PlayerControlsFeature */,
				9089B7D82B581DF00027EC82 /* Services */,
				9089B7CB2B57A47E0027EC82 /* Models */,
				9089B7C72B5705DC0027EC82 /* Resources */,
				9089B7D22B57AECA0027EC82 /* Components */,
				90DBD2222B59751F00D5959D /* Extensions */,
				9089B7962B56FF640027EC82 /* Assets.xcassets */,
				9089B7982B56FF640027EC82 /* Preview Content */,
			);
			path = BookWay;
			sourceTree = "<group>";
		};
		9089B7982B56FF640027EC82 /* Preview Content */ = {
			isa = PBXGroup;
			children = (
				9089B7992B56FF640027EC82 /* Preview Assets.xcassets */,
			);
			path = "Preview Content";
			sourceTree = "<group>";
		};
		9089B7A22B56FF640027EC82 /* BookWayTests */ = {
			isa = PBXGroup;
			children = (
				9089B7A32B56FF640027EC82 /* BookWayTests.swift */,
			);
			path = BookWayTests;
			sourceTree = "<group>";
		};
		9089B7AC2B56FF640027EC82 /* BookWayUITests */ = {
			isa = PBXGroup;
			children = (
				9089B7AD2B56FF640027EC82 /* BookWayUITests.swift */,
				9089B7AF2B56FF640027EC82 /* BookWayUITestsLaunchTests.swift */,
			);
			path = BookWayUITests;
			sourceTree = "<group>";
		};
		9089B7BC2B56FF7F0027EC82 /* PlayerFeature */ = {
			isa = PBXGroup;
			children = (
				9089B7BF2B56FF990027EC82 /* PlayerView.swift */,
				9089B7BD2B56FF8B0027EC82 /* PlayerFeature.swift */,
				90DBD2202B596D0400D5959D /* PlayerEnvironment.swift */,
			);
			path = PlayerFeature;
			sourceTree = "<group>";
		};
		9089B7C12B56FFF20027EC82 /* PlayerControlsFeature */ = {
			isa = PBXGroup;
			children = (
				90DBD21E2B59693700D5959D /* PlayerControlsFeature.swift */,
				9089B7C22B56FFFF0027EC82 /* PlayerControlsView.swift */,
			);
			path = PlayerControlsFeature;
			sourceTree = "<group>";
		};
		9089B7C72B5705DC0027EC82 /* Resources */ = {
			isa = PBXGroup;
			children = (
				90DBD2252B59818200D5959D /* sample1.mp3 */,
				90DBD2272B5981A400D5959D /* sample2.mp3 */,
				90DBD22A2B5981A500D5959D /* sample3.mp3 */,
				90DBD2282B5981A400D5959D /* sample4.mp3 */,
				90DBD2292B5981A500D5959D /* sample5.mp3 */,
			);
			path = Resources;
			sourceTree = "<group>";
		};
		9089B7CB2B57A47E0027EC82 /* Models */ = {
			isa = PBXGroup;
			children = (
				9089B7CC2B57A4950027EC82 /* BookModel.swift */,
				9089B7D02B57A7110027EC82 /* PlaybackSpeed.swift */,
				9089B7DB2B5858F90027EC82 /* LinkedList.swift */,
			);
			path = Models;
			sourceTree = "<group>";
		};
		9089B7D22B57AECA0027EC82 /* Components */ = {
			isa = PBXGroup;
			children = (
				9089B7D32B57AEEB0027EC82 /* Styles */,
				9089B7DD2B587D6A0027EC82 /* ModeSwitch.swift */,
			);
			path = Components;
			sourceTree = "<group>";
		};
		9089B7D32B57AEEB0027EC82 /* Styles */ = {
			isa = PBXGroup;
			children = (
				9089B7D42B57AEF40027EC82 /* ButtonStyle.swift */,
			);
			path = Styles;
			sourceTree = "<group>";
		};
		9089B7D82B581DF00027EC82 /* Services */ = {
			isa = PBXGroup;
			children = (
				9089B7D92B581E0D0027EC82 /* PlayerService.swift */,
			);
			path = Services;
			sourceTree = "<group>";
		};
		90DBD2222B59751F00D5959D /* Extensions */ = {
			isa = PBXGroup;
			children = (
				90DBD2232B59752B00D5959D /* Double+Extensions.swift */,
			);
			path = Extensions;
			sourceTree = "<group>";
		};
/* End PBXGroup section */

/* Begin PBXNativeTarget section */
		9089B78E2B56FF620027EC82 /* BookWay */ = {
			isa = PBXNativeTarget;
			buildConfigurationList = 9089B7B32B56FF640027EC82 /* Build configuration list for PBXNativeTarget "BookWay" */;
			buildPhases = (
				9089B78B2B56FF620027EC82 /* Sources */,
				9089B78C2B56FF620027EC82 /* Frameworks */,
				9089B78D2B56FF620027EC82 /* Resources */,
			);
			buildRules = (
			);
			dependencies = (
			);
			name = BookWay;
			packageProductDependencies = (
				9089B7C52B5702DF0027EC82 /* ComposableArchitecture */,
			);
			productName = BookWay;
			productReference = 9089B78F2B56FF620027EC82 /* BookWay.app */;
			productType = "com.apple.product-type.application";
		};
		9089B79E2B56FF640027EC82 /* BookWayTests */ = {
			isa = PBXNativeTarget;
			buildConfigurationList = 9089B7B62B56FF640027EC82 /* Build configuration list for PBXNativeTarget "BookWayTests" */;
			buildPhases = (
				9089B79B2B56FF640027EC82 /* Sources */,
				9089B79C2B56FF640027EC82 /* Frameworks */,
				9089B79D2B56FF640027EC82 /* Resources */,
			);
			buildRules = (
			);
			dependencies = (
				9089B7A12B56FF640027EC82 /* PBXTargetDependency */,
			);
			name = BookWayTests;
			productName = BookWayTests;
			productReference = 9089B79F2B56FF640027EC82 /* BookWayTests.xctest */;
			productType = "com.apple.product-type.bundle.unit-test";
		};
		9089B7A82B56FF640027EC82 /* BookWayUITests */ = {
			isa = PBXNativeTarget;
			buildConfigurationList = 9089B7B92B56FF640027EC82 /* Build configuration list for PBXNativeTarget "BookWayUITests" */;
			buildPhases = (
				9089B7A52B56FF640027EC82 /* Sources */,
				9089B7A62B56FF640027EC82 /* Frameworks */,
				9089B7A72B56FF640027EC82 /* Resources */,
			);
			buildRules = (
			);
			dependencies = (
				9089B7AB2B56FF640027EC82 /* PBXTargetDependency */,
			);
			name = BookWayUITests;
			productName = BookWayUITests;
			productReference = 9089B7A92B56FF640027EC82 /* BookWayUITests.xctest */;
			productType = "com.apple.product-type.bundle.ui-testing";
		};
/* End PBXNativeTarget section */

/* Begin PBXProject section */
		9089B7872B56FF620027EC82 /* Project object */ = {
			isa = PBXProject;
			attributes = {
				BuildIndependentTargetsInParallel = 1;
				LastSwiftUpdateCheck = 1500;
				LastUpgradeCheck = 1500;
				TargetAttributes = {
					9089B78E2B56FF620027EC82 = {
						CreatedOnToolsVersion = 15.0.1;
					};
					9089B79E2B56FF640027EC82 = {
						CreatedOnToolsVersion = 15.0.1;
						TestTargetID = 9089B78E2B56FF620027EC82;
					};
					9089B7A82B56FF640027EC82 = {
						CreatedOnToolsVersion = 15.0.1;
						TestTargetID = 9089B78E2B56FF620027EC82;
					};
				};
			};
			buildConfigurationList = 9089B78A2B56FF620027EC82 /* Build configuration list for PBXProject "BookWay" */;
			compatibilityVersion = "Xcode 14.0";
			developmentRegion = en;
			hasScannedForEncodings = 0;
			knownRegions = (
				en,
				Base,
			);
			mainGroup = 9089B7862B56FF620027EC82;
			packageReferences = (
				9089B7C42B5702DF0027EC82 /* XCRemoteSwiftPackageReference "swift-composable-architecture" */,
			);
			productRefGroup = 9089B7902B56FF620027EC82 /* Products */;
			projectDirPath = "";
			projectRoot = "";
			targets = (
				9089B78E2B56FF620027EC82 /* BookWay */,
				9089B79E2B56FF640027EC82 /* BookWayTests */,
				9089B7A82B56FF640027EC82 /* BookWayUITests */,
			);
		};
/* End PBXProject section */

/* Begin PBXResourcesBuildPhase section */
		9089B78D2B56FF620027EC82 /* Resources */ = {
			isa = PBXResourcesBuildPhase;
			buildActionMask = 2147483647;
			files = (
				90DBD22C2B5981A500D5959D /* sample4.mp3 in Resources */,
				90DBD2262B59818200D5959D /* sample1.mp3 in Resources */,
				90DBD22D2B5981A500D5959D /* sample5.mp3 in Resources */,
				90DBD22B2B5981A500D5959D /* sample2.mp3 in Resources */,
				9089B79A2B56FF640027EC82 /* Preview Assets.xcassets in Resources */,
				90DBD22E2B5981A500D5959D /* sample3.mp3 in Resources */,
				9089B7972B56FF640027EC82 /* Assets.xcassets in Resources */,
			);
			runOnlyForDeploymentPostprocessing = 0;
		};
		9089B79D2B56FF640027EC82 /* Resources */ = {
			isa = PBXResourcesBuildPhase;
			buildActionMask = 2147483647;
			files = (
			);
			runOnlyForDeploymentPostprocessing = 0;
		};
		9089B7A72B56FF640027EC82 /* Resources */ = {
			isa = PBXResourcesBuildPhase;
			buildActionMask = 2147483647;
			files = (
			);
			runOnlyForDeploymentPostprocessing = 0;
		};
/* End PBXResourcesBuildPhase section */

/* Begin PBXSourcesBuildPhase section */
		9089B78B2B56FF620027EC82 /* Sources */ = {
			isa = PBXSourcesBuildPhase;
			buildActionMask = 2147483647;
			files = (
				9089B7CD2B57A4950027EC82 /* BookModel.swift in Sources */,
				90DBD2242B59752B00D5959D /* Double+Extensions.swift in Sources */,
				90DBD2212B596D0400D5959D /* PlayerEnvironment.swift in Sources */,
				90DBD21F2B59693700D5959D /* PlayerControlsFeature.swift in Sources */,
				9089B7D52B57AEF40027EC82 /* ButtonStyle.swift in Sources */,
				9089B7DC2B5858F90027EC82 /* LinkedList.swift in Sources */,
				9089B7C32B56FFFF0027EC82 /* PlayerControlsView.swift in Sources */,
				9089B7DE2B587D6A0027EC82 /* ModeSwitch.swift in Sources */,
				9089B7BE2B56FF8B0027EC82 /* PlayerFeature.swift in Sources */,
				9089B7D12B57A7110027EC82 /* PlaybackSpeed.swift in Sources */,
				9089B7DA2B581E0D0027EC82 /* PlayerService.swift in Sources */,
				9089B7932B56FF620027EC82 /* BookWayApp.swift in Sources */,
				9089B7C02B56FF990027EC82 /* PlayerView.swift in Sources */,
			);
			runOnlyForDeploymentPostprocessing = 0;
		};
		9089B79B2B56FF640027EC82 /* Sources */ = {
			isa = PBXSourcesBuildPhase;
			buildActionMask = 2147483647;
			files = (
				9089B7A42B56FF640027EC82 /* BookWayTests.swift in Sources */,
			);
			runOnlyForDeploymentPostprocessing = 0;
		};
		9089B7A52B56FF640027EC82 /* Sources */ = {
			isa = PBXSourcesBuildPhase;
			buildActionMask = 2147483647;
			files = (
				9089B7AE2B56FF640027EC82 /* BookWayUITests.swift in Sources */,
				9089B7B02B56FF640027EC82 /* BookWayUITestsLaunchTests.swift in Sources */,
			);
			runOnlyForDeploymentPostprocessing = 0;
		};
/* End PBXSourcesBuildPhase section */

/* Begin PBXTargetDependency section */
		9089B7A12B56FF640027EC82 /* PBXTargetDependency */ = {
			isa = PBXTargetDependency;
			target = 9089B78E2B56FF620027EC82 /* BookWay */;
			targetProxy = 9089B7A02B56FF640027EC82 /* PBXContainerItemProxy */;
		};
		9089B7AB2B56FF640027EC82 /* PBXTargetDependency */ = {
			isa = PBXTargetDependency;
			target = 9089B78E2B56FF620027EC82 /* BookWay */;
			targetProxy = 9089B7AA2B56FF640027EC82 /* PBXContainerItemProxy */;
		};
/* End PBXTargetDependency section */

/* Begin XCBuildConfiguration section */
		9089B7B12B56FF640027EC82 /* Debug */ = {
			isa = XCBuildConfiguration;
			buildSettings = {
				ALWAYS_SEARCH_USER_PATHS = NO;
				ASSETCATALOG_COMPILER_GENERATE_SWIFT_ASSET_SYMBOL_EXTENSIONS = YES;
				CLANG_ANALYZER_NONNULL = YES;
				CLANG_ANALYZER_NUMBER_OBJECT_CONVERSION = YES_AGGRESSIVE;
				CLANG_CXX_LANGUAGE_STANDARD = "gnu++20";
				CLANG_ENABLE_MODULES = YES;
				CLANG_ENABLE_OBJC_ARC = YES;
				CLANG_ENABLE_OBJC_WEAK = YES;
				CLANG_WARN_BLOCK_CAPTURE_AUTORELEASING = YES;
				CLANG_WARN_BOOL_CONVERSION = YES;
				CLANG_WARN_COMMA = YES;
				CLANG_WARN_CONSTANT_CONVERSION = YES;
				CLANG_WARN_DEPRECATED_OBJC_IMPLEMENTATIONS = YES;
				CLANG_WARN_DIRECT_OBJC_ISA_USAGE = YES_ERROR;
				CLANG_WARN_DOCUMENTATION_COMMENTS = YES;
				CLANG_WARN_EMPTY_BODY = YES;
				CLANG_WARN_ENUM_CONVERSION = YES;
				CLANG_WARN_INFINITE_RECURSION = YES;
				CLANG_WARN_INT_CONVERSION = YES;
				CLANG_WARN_NON_LITERAL_NULL_CONVERSION = YES;
				CLANG_WARN_OBJC_IMPLICIT_RETAIN_SELF = YES;
				CLANG_WARN_OBJC_LITERAL_CONVERSION = YES;
				CLANG_WARN_OBJC_ROOT_CLASS = YES_ERROR;
				CLANG_WARN_QUOTED_INCLUDE_IN_FRAMEWORK_HEADER = YES;
				CLANG_WARN_RANGE_LOOP_ANALYSIS = YES;
				CLANG_WARN_STRICT_PROTOTYPES = YES;
				CLANG_WARN_SUSPICIOUS_MOVE = YES;
				CLANG_WARN_UNGUARDED_AVAILABILITY = YES_AGGRESSIVE;
				CLANG_WARN_UNREACHABLE_CODE = YES;
				CLANG_WARN__DUPLICATE_METHOD_MATCH = YES;
				COPY_PHASE_STRIP = NO;
				DEBUG_INFORMATION_FORMAT = dwarf;
				ENABLE_STRICT_OBJC_MSGSEND = YES;
				ENABLE_TESTABILITY = YES;
				ENABLE_USER_SCRIPT_SANDBOXING = YES;
				GCC_C_LANGUAGE_STANDARD = gnu17;
				GCC_DYNAMIC_NO_PIC = NO;
				GCC_NO_COMMON_BLOCKS = YES;
				GCC_OPTIMIZATION_LEVEL = 0;
				GCC_PREPROCESSOR_DEFINITIONS = (
					"DEBUG=1",
					"$(inherited)",
				);
				GCC_WARN_64_TO_32_BIT_CONVERSION = YES;
				GCC_WARN_ABOUT_RETURN_TYPE = YES_ERROR;
				GCC_WARN_UNDECLARED_SELECTOR = YES;
				GCC_WARN_UNINITIALIZED_AUTOS = YES_AGGRESSIVE;
				GCC_WARN_UNUSED_FUNCTION = YES;
				GCC_WARN_UNUSED_VARIABLE = YES;
				IPHONEOS_DEPLOYMENT_TARGET = 17.0;
				LOCALIZATION_PREFERS_STRING_CATALOGS = YES;
				MTL_ENABLE_DEBUG_INFO = INCLUDE_SOURCE;
				MTL_FAST_MATH = YES;
				ONLY_ACTIVE_ARCH = YES;
				SDKROOT = iphoneos;
				SWIFT_ACTIVE_COMPILATION_CONDITIONS = "DEBUG $(inherited)";
				SWIFT_OPTIMIZATION_LEVEL = "-Onone";
			};
			name = Debug;
		};
		9089B7B22B56FF640027EC82 /* Release */ = {
			isa = XCBuildConfiguration;
			buildSettings = {
				ALWAYS_SEARCH_USER_PATHS = NO;
				ASSETCATALOG_COMPILER_GENERATE_SWIFT_ASSET_SYMBOL_EXTENSIONS = YES;
				CLANG_ANALYZER_NONNULL = YES;
				CLANG_ANALYZER_NUMBER_OBJECT_CONVERSION = YES_AGGRESSIVE;
				CLANG_CXX_LANGUAGE_STANDARD = "gnu++20";
				CLANG_ENABLE_MODULES = YES;
				CLANG_ENABLE_OBJC_ARC = YES;
				CLANG_ENABLE_OBJC_WEAK = YES;
				CLANG_WARN_BLOCK_CAPTURE_AUTORELEASING = YES;
				CLANG_WARN_BOOL_CONVERSION = YES;
				CLANG_WARN_COMMA = YES;
				CLANG_WARN_CONSTANT_CONVERSION = YES;
				CLANG_WARN_DEPRECATED_OBJC_IMPLEMENTATIONS = YES;
				CLANG_WARN_DIRECT_OBJC_ISA_USAGE = YES_ERROR;
				CLANG_WARN_DOCUMENTATION_COMMENTS = YES;
				CLANG_WARN_EMPTY_BODY = YES;
				CLANG_WARN_ENUM_CONVERSION = YES;
				CLANG_WARN_INFINITE_RECURSION = YES;
				CLANG_WARN_INT_CONVERSION = YES;
				CLANG_WARN_NON_LITERAL_NULL_CONVERSION = YES;
				CLANG_WARN_OBJC_IMPLICIT_RETAIN_SELF = YES;
				CLANG_WARN_OBJC_LITERAL_CONVERSION = YES;
				CLANG_WARN_OBJC_ROOT_CLASS = YES_ERROR;
				CLANG_WARN_QUOTED_INCLUDE_IN_FRAMEWORK_HEADER = YES;
				CLANG_WARN_RANGE_LOOP_ANALYSIS = YES;
				CLANG_WARN_STRICT_PROTOTYPES = YES;
				CLANG_WARN_SUSPICIOUS_MOVE = YES;
				CLANG_WARN_UNGUARDED_AVAILABILITY = YES_AGGRESSIVE;
				CLANG_WARN_UNREACHABLE_CODE = YES;
				CLANG_WARN__DUPLICATE_METHOD_MATCH = YES;
				COPY_PHASE_STRIP = NO;
				DEBUG_INFORMATION_FORMAT = "dwarf-with-dsym";
				ENABLE_NS_ASSERTIONS = NO;
				ENABLE_STRICT_OBJC_MSGSEND = YES;
				ENABLE_USER_SCRIPT_SANDBOXING = YES;
				GCC_C_LANGUAGE_STANDARD = gnu17;
				GCC_NO_COMMON_BLOCKS = YES;
				GCC_WARN_64_TO_32_BIT_CONVERSION = YES;
				GCC_WARN_ABOUT_RETURN_TYPE = YES_ERROR;
				GCC_WARN_UNDECLARED_SELECTOR = YES;
				GCC_WARN_UNINITIALIZED_AUTOS = YES_AGGRESSIVE;
				GCC_WARN_UNUSED_FUNCTION = YES;
				GCC_WARN_UNUSED_VARIABLE = YES;
				IPHONEOS_DEPLOYMENT_TARGET = 17.0;
				LOCALIZATION_PREFERS_STRING_CATALOGS = YES;
				MTL_ENABLE_DEBUG_INFO = NO;
				MTL_FAST_MATH = YES;
				SDKROOT = iphoneos;
				SWIFT_COMPILATION_MODE = wholemodule;
				VALIDATE_PRODUCT = YES;
			};
			name = Release;
		};
		9089B7B42B56FF640027EC82 /* Debug */ = {
			isa = XCBuildConfiguration;
			buildSettings = {
				ASSETCATALOG_COMPILER_APPICON_NAME = AppIcon;
				ASSETCATALOG_COMPILER_GLOBAL_ACCENT_COLOR_NAME = AccentColor;
				CODE_SIGN_STYLE = Automatic;
				CURRENT_PROJECT_VERSION = 1;
				DEVELOPMENT_ASSET_PATHS = "\"BookWay/Preview Content\"";
				DEVELOPMENT_TEAM = "";
				ENABLE_PREVIEWS = YES;
				GENERATE_INFOPLIST_FILE = YES;
				INFOPLIST_KEY_UIApplicationSceneManifest_Generation = YES;
				INFOPLIST_KEY_UIApplicationSupportsIndirectInputEvents = YES;
				INFOPLIST_KEY_UILaunchScreen_Generation = YES;
				INFOPLIST_KEY_UISupportedInterfaceOrientations = UIInterfaceOrientationPortrait;
				INFOPLIST_KEY_UISupportedInterfaceOrientations_iPad = "UIInterfaceOrientationLandscapeLeft UIInterfaceOrientationLandscapeRight UIInterfaceOrientationPortrait UIInterfaceOrientationPortraitUpsideDown";
				LD_RUNPATH_SEARCH_PATHS = (
					"$(inherited)",
					"@executable_path/Frameworks",
				);
				MARKETING_VERSION = 1.0;
				PRODUCT_BUNDLE_IDENTIFIER = com.lupych.BookWay;
				PRODUCT_NAME = "$(TARGET_NAME)";
				SWIFT_EMIT_LOC_STRINGS = YES;
				SWIFT_VERSION = 5.0;
				TARGETED_DEVICE_FAMILY = "1,2";
			};
			name = Debug;
		};
		9089B7B52B56FF640027EC82 /* Release */ = {
			isa = XCBuildConfiguration;
			buildSettings = {
				ASSETCATALOG_COMPILER_APPICON_NAME = AppIcon;
				ASSETCATALOG_COMPILER_GLOBAL_ACCENT_COLOR_NAME = AccentColor;
				CODE_SIGN_STYLE = Automatic;
				CURRENT_PROJECT_VERSION = 1;
				DEVELOPMENT_ASSET_PATHS = "\"BookWay/Preview Content\"";
				DEVELOPMENT_TEAM = "";
				ENABLE_PREVIEWS = YES;
				GENERATE_INFOPLIST_FILE = YES;
				INFOPLIST_KEY_UIApplicationSceneManifest_Generation = YES;
				INFOPLIST_KEY_UIApplicationSupportsIndirectInputEvents = YES;
				INFOPLIST_KEY_UILaunchScreen_Generation = YES;
				INFOPLIST_KEY_UISupportedInterfaceOrientations = UIInterfaceOrientationPortrait;
				INFOPLIST_KEY_UISupportedInterfaceOrientations_iPad = "UIInterfaceOrientationLandscapeLeft UIInterfaceOrientationLandscapeRight UIInterfaceOrientationPortrait UIInterfaceOrientationPortraitUpsideDown";
				LD_RUNPATH_SEARCH_PATHS = (
					"$(inherited)",
					"@executable_path/Frameworks",
				);
				MARKETING_VERSION = 1.0;
				PRODUCT_BUNDLE_IDENTIFIER = com.lupych.BookWay;
				PRODUCT_NAME = "$(TARGET_NAME)";
				SWIFT_EMIT_LOC_STRINGS = YES;
				SWIFT_VERSION = 5.0;
				TARGETED_DEVICE_FAMILY = "1,2";
			};
			name = Release;
		};
		9089B7B72B56FF640027EC82 /* Debug */ = {
			isa = XCBuildConfiguration;
			buildSettings = {
				ALWAYS_EMBED_SWIFT_STANDARD_LIBRARIES = YES;
				BUNDLE_LOADER = "$(TEST_HOST)";
				CODE_SIGN_STYLE = Automatic;
				CURRENT_PROJECT_VERSION = 1;
				GENERATE_INFOPLIST_FILE = YES;
				IPHONEOS_DEPLOYMENT_TARGET = 17.0;
				MARKETING_VERSION = 1.0;
				PRODUCT_BUNDLE_IDENTIFIER = com.lupych.BookWayTests;
				PRODUCT_NAME = "$(TARGET_NAME)";
				SWIFT_EMIT_LOC_STRINGS = NO;
				SWIFT_VERSION = 5.0;
				TARGETED_DEVICE_FAMILY = "1,2";
				TEST_HOST = "$(BUILT_PRODUCTS_DIR)/BookWay.app/$(BUNDLE_EXECUTABLE_FOLDER_PATH)/BookWay";
			};
			name = Debug;
		};
		9089B7B82B56FF640027EC82 /* Release */ = {
			isa = XCBuildConfiguration;
			buildSettings = {
				ALWAYS_EMBED_SWIFT_STANDARD_LIBRARIES = YES;
				BUNDLE_LOADER = "$(TEST_HOST)";
				CODE_SIGN_STYLE = Automatic;
				CURRENT_PROJECT_VERSION = 1;
				GENERATE_INFOPLIST_FILE = YES;
				IPHONEOS_DEPLOYMENT_TARGET = 17.0;
				MARKETING_VERSION = 1.0;
				PRODUCT_BUNDLE_IDENTIFIER = com.lupych.BookWayTests;
				PRODUCT_NAME = "$(TARGET_NAME)";
				SWIFT_EMIT_LOC_STRINGS = NO;
				SWIFT_VERSION = 5.0;
				TARGETED_DEVICE_FAMILY = "1,2";
				TEST_HOST = "$(BUILT_PRODUCTS_DIR)/BookWay.app/$(BUNDLE_EXECUTABLE_FOLDER_PATH)/BookWay";
			};
			name = Release;
		};
		9089B7BA2B56FF640027EC82 /* Debug */ = {
			isa = XCBuildConfiguration;
			buildSettings = {
				ALWAYS_EMBED_SWIFT_STANDARD_LIBRARIES = YES;
				CODE_SIGN_STYLE = Automatic;
				CURRENT_PROJECT_VERSION = 1;
				GENERATE_INFOPLIST_FILE = YES;
				MARKETING_VERSION = 1.0;
				PRODUCT_BUNDLE_IDENTIFIER = com.lupych.BookWayUITests;
				PRODUCT_NAME = "$(TARGET_NAME)";
				SWIFT_EMIT_LOC_STRINGS = NO;
				SWIFT_VERSION = 5.0;
				TARGETED_DEVICE_FAMILY = "1,2";
				TEST_TARGET_NAME = BookWay;
			};
			name = Debug;
		};
		9089B7BB2B56FF640027EC82 /* Release */ = {
			isa = XCBuildConfiguration;
			buildSettings = {
				ALWAYS_EMBED_SWIFT_STANDARD_LIBRARIES = YES;
				CODE_SIGN_STYLE = Automatic;
				CURRENT_PROJECT_VERSION = 1;
				GENERATE_INFOPLIST_FILE = YES;
				MARKETING_VERSION = 1.0;
				PRODUCT_BUNDLE_IDENTIFIER = com.lupych.BookWayUITests;
				PRODUCT_NAME = "$(TARGET_NAME)";
				SWIFT_EMIT_LOC_STRINGS = NO;
				SWIFT_VERSION = 5.0;
				TARGETED_DEVICE_FAMILY = "1,2";
				TEST_TARGET_NAME = BookWay;
			};
			name = Release;
		};
/* End XCBuildConfiguration section */

/* Begin XCConfigurationList section */
		9089B78A2B56FF620027EC82 /* Build configuration list for PBXProject "BookWay" */ = {
			isa = XCConfigurationList;
			buildConfigurations = (
				9089B7B12B56FF640027EC82 /* Debug */,
				9089B7B22B56FF640027EC82 /* Release */,
			);
			defaultConfigurationIsVisible = 0;
			defaultConfigurationName = Release;
		};
		9089B7B32B56FF640027EC82 /* Build configuration list for PBXNativeTarget "BookWay" */ = {
			isa = XCConfigurationList;
			buildConfigurations = (
				9089B7B42B56FF640027EC82 /* Debug */,
				9089B7B52B56FF640027EC82 /* Release */,
			);
			defaultConfigurationIsVisible = 0;
			defaultConfigurationName = Release;
		};
		9089B7B62B56FF640027EC82 /* Build configuration list for PBXNativeTarget "BookWayTests" */ = {
			isa = XCConfigurationList;
			buildConfigurations = (
				9089B7B72B56FF640027EC82 /* Debug */,
				9089B7B82B56FF640027EC82 /* Release */,
			);
			defaultConfigurationIsVisible = 0;
			defaultConfigurationName = Release;
		};
		9089B7B92B56FF640027EC82 /* Build configuration list for PBXNativeTarget "BookWayUITests" */ = {
			isa = XCConfigurationList;
			buildConfigurations = (
				9089B7BA2B56FF640027EC82 /* Debug */,
				9089B7BB2B56FF640027EC82 /* Release */,
			);
			defaultConfigurationIsVisible = 0;
			defaultConfigurationName = Release;
		};
/* End XCConfigurationList section */

/* Begin XCRemoteSwiftPackageReference section */
		9089B7C42B5702DF0027EC82 /* XCRemoteSwiftPackageReference "swift-composable-architecture" */ = {
			isa = XCRemoteSwiftPackageReference;
			repositoryURL = "https://github.com/pointfreeco/swift-composable-architecture";
			requirement = {
				kind = upToNextMajorVersion;
				minimumVersion = 1.6.0;
			};
		};
/* End XCRemoteSwiftPackageReference section */

/* Begin XCSwiftPackageProductDependency section */
		9089B7C52B5702DF0027EC82 /* ComposableArchitecture */ = {
			isa = XCSwiftPackageProductDependency;
			package = 9089B7C42B5702DF0027EC82 /* XCRemoteSwiftPackageReference "swift-composable-architecture" */;
			productName = ComposableArchitecture;
		};
/* End XCSwiftPackageProductDependency section */
	};
	rootObject = 9089B7872B56FF620027EC82 /* Project object */;
}
